Microsoft Visual Studio Solution File, Format Version 12.00
# Visual Studio Version 17
VisualStudioVersion = 17.5.2.0
MinimumVisualStudioVersion = 10.0.40219.1
Project("{2150E333-8FDC-42A3-9474-1A3956D46DE8}") = "rest", "rest", "{CAF2E94B-1F3E-339F-03CF-980AEBF14E62}"
EndProject
Project("{2150E333-8FDC-42A3-9474-1A3956D46DE8}") = "grpc", "grpc", "{08DC2ACD-026E-2FF5-1356-DEFA40FC63B3}"
EndProject
Project("{FAE04EC0-301F-11D3-BF4B-00C04F79EFBC}") = "ServerApp", "rest\ServerApp\ServerApp.csproj", "{07ACB252-64DF-87E1-D313-2655EB343B65}"
EndProject
Project("{FAE04EC0-301F-11D3-BF4B-00C04F79EFBC}") = "DemoApp", "grpc\DemoApp\DemoApp.csproj", "{376BA48C-7328-A82D-E1A5-63E76F4B858B}"
EndProject
Project("{FAE04EC0-301F-11D3-BF4B-00C04F79EFBC}") = "ServerApp", "grpc\ServerApp\ServerApp.csproj", "{F501F659-805B-111B-61E1-E53DDC20B419}"
EndProject
Project("{2150E333-8FDC-42A3-9474-1A3956D46DE8}") = "ContractLib", "ContractLib", "{13A87E1F-08DB-1036-A4AF-A49E242DF8A0}"
EndProject
Project("{FAE04EC0-301F-11D3-BF4B-00C04F79EFBC}") = "resort", "grpc\ContractLib\resort.csproj", "{615AA4D8-F2B7-7EBE-ED0B-C4F07E76E3D2}"
EndProject
Global
	GlobalSection(SolutionConfigurationPlatforms) = preSolution
		Debug|Any CPU = Debug|Any CPU
		Release|Any CPU = Release|Any CPU
	EndGlobalSection
	GlobalSection(ProjectConfigurationPlatforms) = postSolution
		{07ACB252-64DF-87E1-D313-2655EB343B65}.Debug|Any CPU.ActiveCfg = Debug|Any CPU
		{07ACB252-64DF-87E1-D313-2655EB343B65}.Debug|Any CPU.Build.0 = Debug|Any CPU
		{07ACB252-64DF-87E1-D313-2655EB343B65}.Release|Any CPU.ActiveCfg = Release|Any CPU
		{07ACB252-64DF-87E1-D313-2655EB343B65}.Release|Any CPU.Build.0 = Release|Any CPU
		{376BA48C-7328-A82D-E1A5-63E76F4B858B}.Debug|Any CPU.ActiveCfg = Debug|Any CPU
		{376BA48C-7328-A82D-E1A5-63E76F4B858B}.Debug|Any CPU.Build.0 = Debug|Any CPU
		{376BA48C-7328-A82D-E1A5-63E76F4B858B}.Release|Any CPU.ActiveCfg = Release|Any CPU
		{376BA48C-7328-A82D-E1A5-63E76F4B858B}.Release|Any CPU.Build.0 = Release|Any CPU
		{F501F659-805B-111B-61E1-E53DDC20B419}.Debug|Any CPU.ActiveCfg = Debug|Any CPU
		{F501F659-805B-111B-61E1-E53DDC20B419}.Debug|Any CPU.Build.0 = Debug|Any CPU
		{F501F659-805B-111B-61E1-E53DDC20B419}.Release|Any CPU.ActiveCfg = Release|Any CPU
		{F501F659-805B-111B-61E1-E53DDC20B419}.Release|Any CPU.Build.0 = Release|Any CPU
		{615AA4D8-F2B7-7EBE-ED0B-C4F07E76E3D2}.Debug|Any CPU.ActiveCfg = Debug|Any CPU
		{615AA4D8-F2B7-7EBE-ED0B-C4F07E76E3D2}.Debug|Any CPU.Build.0 = Debug|Any CPU
		{615AA4D8-F2B7-7EBE-ED0B-C4F07E76E3D2}.Release|Any CPU.ActiveCfg = Release|Any CPU
		{615AA4D8-F2B7-7EBE-ED0B-C4F07E76E3D2}.Release|Any CPU.Build.0 = Release|Any CPU
	EndGlobalSection
	GlobalSection(SolutionProperties) = preSolution
		HideSolutionNode = FALSE
	EndGlobalSection
	GlobalSection(NestedProjects) = preSolution
		{07ACB252-64DF-87E1-D313-2655EB343B65} = {CAF2E94B-1F3E-339F-03CF-980AEBF14E62}
		{376BA48C-7328-A82D-E1A5-63E76F4B858B} = {08DC2ACD-026E-2FF5-1356-DEFA40FC63B3}
		{F501F659-805B-111B-61E1-E53DDC20B419} = {08DC2ACD-026E-2FF5-1356-DEFA40FC63B3}
		{13A87E1F-08DB-1036-A4AF-A49E242DF8A0} = {08DC2ACD-026E-2FF5-1356-DEFA40FC63B3}
		{615AA4D8-F2B7-7EBE-ED0B-C4F07E76E3D2} = {13A87E1F-08DB-1036-A4AF-A49E242DF8A0}
	EndGlobalSection
	GlobalSection(ExtensibilityGlobals) = postSolution
		SolutionGuid = {12499D78-C415-4A82-B988-94C29C69F01A}
	EndGlobalSection
EndGlobal
